
Microsoft Visual Studio Solution File, Format Version 12.00
# Visual Studio Version 17
VisualStudioVersion = 17.14.36401.2 d17.14
MinimumVisualStudioVersion = 10.0.40219.1
Project("{FAE04EC0-301F-11D3-BF4B-00C04F79EFBC}") = "hangman", "hangman.csproj", "{B369FEEF-F898-49B6-ACF9-4F1CB48B2CF0}"
EndProject
Global
	GlobalSection(SolutionConfigurationPlatforms) = preSolution
		Debug|Any CPU = Debug|Any CPU
		Release|Any CPU = Release|Any CPU
	EndGlobalSection
	GlobalSection(ProjectConfigurationPlatforms) = postSolution
		{B369FEEF-F898-49B6-ACF9-4F1CB48B2CF0}.Debug|Any CPU.ActiveCfg = Debug|Any CPU
		{B369FEEF-F898-49B6-ACF9-4F1CB48B2CF0}.Debug|Any CPU.Build.0 = Debug|Any CPU
		{B369FEEF-F898-49B6-ACF9-4F1CB48B2CF0}.Release|Any CPU.ActiveCfg = Release|Any CPU
		{B369FEEF-F898-49B6-ACF9-4F1CB48B2CF0}.Release|Any CPU.Build.0 = Release|Any CPU
	EndGlobalSection
	GlobalSection(SolutionProperties) = preSolution
		HideSolutionNode = FALSE
	EndGlobalSection
	GlobalSection(ExtensibilityGlobals) = postSolution
		SolutionGuid = {948F4D3F-1AEC-4A3E-A25B-53BFB44520FB}
	EndGlobalSection
EndGlobal
